
Microsoft Visual Studio Solution File, Format Version 12.00
# Visual Studio Version 17
VisualStudioVersion = 17.10.34928.147
MinimumVisualStudioVersion = 10.0.40219.1
Project("{9A19103F-16F7-4668-BE54-9A1E7A4F7556}") = "web1", "web1\web1.csproj", "{DB7BD2BA-4F6E-41B9-93A3-55B789F597AD}"
EndProject
Project("{FAE04EC0-301F-11D3-BF4B-00C04F79EFBC}") = "web2", "web2\web2.csproj", "{A4E5A375-742F-4EF1-9849-0944B207E557}"
EndProject
Global
	GlobalSection(SolutionConfigurationPlatforms) = preSolution
		Debug|Any CPU = Debug|Any CPU
		Release|Any CPU = Release|Any CPU
	EndGlobalSection
	GlobalSection(ProjectConfigurationPlatforms) = postSolution
		{DB7BD2BA-4F6E-41B9-93A3-55B789F597AD}.Debug|Any CPU.ActiveCfg = Debug|Any CPU
		{DB7BD2BA-4F6E-41B9-93A3-55B789F597AD}.Debug|Any CPU.Build.0 = Debug|Any CPU
		{DB7BD2BA-4F6E-41B9-93A3-55B789F597AD}.Release|Any CPU.ActiveCfg = Release|Any CPU
		{DB7BD2BA-4F6E-41B9-93A3-55B789F597AD}.Release|Any CPU.Build.0 = Release|Any CPU
		{A4E5A375-742F-4EF1-9849-0944B207E557}.Debug|Any CPU.ActiveCfg = Debug|Any CPU
		{A4E5A375-742F-4EF1-9849-0944B207E557}.Debug|Any CPU.Build.0 = Debug|Any CPU
		{A4E5A375-742F-4EF1-9849-0944B207E557}.Release|Any CPU.ActiveCfg = Release|Any CPU
		{A4E5A375-742F-4EF1-9849-0944B207E557}.Release|Any CPU.Build.0 = Release|Any CPU
	EndGlobalSection
	GlobalSection(SolutionProperties) = preSolution
		HideSolutionNode = FALSE
	EndGlobalSection
	GlobalSection(ExtensibilityGlobals) = postSolution
		SolutionGuid = {D4A18B97-ED66-4225-A123-5AF2BF030967}
	EndGlobalSection
EndGlobal
