
Microsoft Visual Studio Solution File, Format Version 12.00
# Visual Studio Version 17
VisualStudioVersion = 17.10.35027.167
MinimumVisualStudioVersion = 10.0.40219.1
Project("{9A19103F-16F7-4668-BE54-9A1E7A4F7556}") = "laptop-service", "laptop-service\laptop-service.csproj", "{704AE5EB-5D06-4804-8BBB-F8536D4E69C0}"
EndProject
Project("{FAE04EC0-301F-11D3-BF4B-00C04F79EFBC}") = "api-gateway", "api-gateway\api-gateway.csproj", "{0631B872-7546-4041-9E6F-769979DABB38}"
EndProject
Project("{FAE04EC0-301F-11D3-BF4B-00C04F79EFBC}") = "mobile-service", "mobile-service\mobile-service.csproj", "{5D8E0A23-89D4-4029-A9CC-742EDDAB2383}"
EndProject
Global
	GlobalSection(SolutionConfigurationPlatforms) = preSolution
		Debug|Any CPU = Debug|Any CPU
		Release|Any CPU = Release|Any CPU
	EndGlobalSection
	GlobalSection(ProjectConfigurationPlatforms) = postSolution
		{704AE5EB-5D06-4804-8BBB-F8536D4E69C0}.Debug|Any CPU.ActiveCfg = Debug|Any CPU
		{704AE5EB-5D06-4804-8BBB-F8536D4E69C0}.Debug|Any CPU.Build.0 = Debug|Any CPU
		{704AE5EB-5D06-4804-8BBB-F8536D4E69C0}.Release|Any CPU.ActiveCfg = Release|Any CPU
		{704AE5EB-5D06-4804-8BBB-F8536D4E69C0}.Release|Any CPU.Build.0 = Release|Any CPU
		{0631B872-7546-4041-9E6F-769979DABB38}.Debug|Any CPU.ActiveCfg = Debug|Any CPU
		{0631B872-7546-4041-9E6F-769979DABB38}.Debug|Any CPU.Build.0 = Debug|Any CPU
		{0631B872-7546-4041-9E6F-769979DABB38}.Release|Any CPU.ActiveCfg = Release|Any CPU
		{0631B872-7546-4041-9E6F-769979DABB38}.Release|Any CPU.Build.0 = Release|Any CPU
		{5D8E0A23-89D4-4029-A9CC-742EDDAB2383}.Debug|Any CPU.ActiveCfg = Debug|Any CPU
		{5D8E0A23-89D4-4029-A9CC-742EDDAB2383}.Debug|Any CPU.Build.0 = Debug|Any CPU
		{5D8E0A23-89D4-4029-A9CC-742EDDAB2383}.Release|Any CPU.ActiveCfg = Release|Any CPU
		{5D8E0A23-89D4-4029-A9CC-742EDDAB2383}.Release|Any CPU.Build.0 = Release|Any CPU
	EndGlobalSection
	GlobalSection(SolutionProperties) = preSolution
		HideSolutionNode = FALSE
	EndGlobalSection
	GlobalSection(ExtensibilityGlobals) = postSolution
		SolutionGuid = {654FE747-A2C7-443A-890A-D40FBE8C1087}
	EndGlobalSection
EndGlobal
