
Microsoft Visual Studio Solution File, Format Version 12.00
# Visual Studio Version 17
VisualStudioVersion = 17.10.35004.147
MinimumVisualStudioVersion = 10.0.40219.1
Project("{9A19103F-16F7-4668-BE54-9A1E7A4F7556}") = "api", "api\api.csproj", "{A0DD8987-4A76-4F12-9369-23BCEB043942}"
EndProject
Project("{9A19103F-16F7-4668-BE54-9A1E7A4F7556}") = "api1", "api1\api1.csproj", "{EF213101-4769-4597-9BBA-9BD65F638067}"
EndProject
Global
	GlobalSection(SolutionConfigurationPlatforms) = preSolution
		Debug|Any CPU = Debug|Any CPU
		Release|Any CPU = Release|Any CPU
	EndGlobalSection
	GlobalSection(ProjectConfigurationPlatforms) = postSolution
		{A0DD8987-4A76-4F12-9369-23BCEB043942}.Debug|Any CPU.ActiveCfg = Debug|Any CPU
		{A0DD8987-4A76-4F12-9369-23BCEB043942}.Debug|Any CPU.Build.0 = Debug|Any CPU
		{A0DD8987-4A76-4F12-9369-23BCEB043942}.Release|Any CPU.ActiveCfg = Release|Any CPU
		{A0DD8987-4A76-4F12-9369-23BCEB043942}.Release|Any CPU.Build.0 = Release|Any CPU
		{EF213101-4769-4597-9BBA-9BD65F638067}.Debug|Any CPU.ActiveCfg = Debug|Any CPU
		{EF213101-4769-4597-9BBA-9BD65F638067}.Debug|Any CPU.Build.0 = Debug|Any CPU
		{EF213101-4769-4597-9BBA-9BD65F638067}.Release|Any CPU.ActiveCfg = Release|Any CPU
		{EF213101-4769-4597-9BBA-9BD65F638067}.Release|Any CPU.Build.0 = Release|Any CPU
	EndGlobalSection
	GlobalSection(SolutionProperties) = preSolution
		HideSolutionNode = FALSE
	EndGlobalSection
	GlobalSection(ExtensibilityGlobals) = postSolution
		SolutionGuid = {8DD36874-CB58-4A88-9670-1E93901AB497}
	EndGlobalSection
EndGlobal
